
Microsoft Visual Studio Solution File, Format Version 12.00
# Visual Studio 2012
Project("{FAE04EC0-301F-11D3-BF4B-00C04F79EFBC}") = "Strategy", "Strategy.csproj", "{4D740C5A-53C3-46FB-90EE-05EBFC8A1627}"
EndProject
Global
	GlobalSection(SolutionConfigurationPlatforms) = preSolution
		Debug|x86 = Debug|x86
		Release|x86 = Release|x86
	EndGlobalSection
	GlobalSection(ProjectConfigurationPlatforms) = postSolution
		{4D740C5A-53C3-46FB-90EE-05EBFC8A1627}.Debug|x86.ActiveCfg = Debug|x86
		{4D740C5A-53C3-46FB-90EE-05EBFC8A1627}.Debug|x86.Build.0 = Debug|x86
		{4D740C5A-53C3-46FB-90EE-05EBFC8A1627}.Release|x86.ActiveCfg = Release|x86
		{4D740C5A-53C3-46FB-90EE-05EBFC8A1627}.Release|x86.Build.0 = Release|x86
	EndGlobalSection
EndGlobal
